
Microsoft Visual Studio Solution File, Format Version 12.00
# Visual Studio 15
VisualStudioVersion = 15.0.28307.168
MinimumVisualStudioVersion = 10.0.40219.1
Project("{FAE04EC0-301F-11D3-BF4B-00C04F79EFBC}") = "PoC_LUAFV_PostReadWriteCallback_EoP", "PoC_LUAFV_PostReadWriteCallback_EoP\PoC_LUAFV_PostReadWriteCallback_EoP.csproj", "{6289B422-ED21-4FBA-A762-D53D7C2BFD82}"
EndProject
Global
	GlobalSection(SolutionConfigurationPlatforms) = preSolution
		Debug|Any CPU = Debug|Any CPU
		Debug|x64 = Debug|x64
		Debug|x86 = Debug|x86
		Release|Any CPU = Release|Any CPU
		Release|x64 = Release|x64
		Release|x86 = Release|x86
	EndGlobalSection
	GlobalSection(ProjectConfigurationPlatforms) = postSolution
		{6289B422-ED21-4FBA-A762-D53D7C2BFD82}.Debug|Any CPU.ActiveCfg = Debug|Any CPU
		{6289B422-ED21-4FBA-A762-D53D7C2BFD82}.Debug|Any CPU.Build.0 = Debug|Any CPU
		{6289B422-ED21-4FBA-A762-D53D7C2BFD82}.Debug|x64.ActiveCfg = Debug|Any CPU
		{6289B422-ED21-4FBA-A762-D53D7C2BFD82}.Debug|x64.Build.0 = Debug|Any CPU
		{6289B422-ED21-4FBA-A762-D53D7C2BFD82}.Debug|x86.ActiveCfg = Debug|Any CPU
		{6289B422-ED21-4FBA-A762-D53D7C2BFD82}.Debug|x86.Build.0 = Debug|Any CPU
		{6289B422-ED21-4FBA-A762-D53D7C2BFD82}.Release|Any CPU.ActiveCfg = Release|Any CPU
		{6289B422-ED21-4FBA-A762-D53D7C2BFD82}.Release|Any CPU.Build.0 = Release|Any CPU
		{6289B422-ED21-4FBA-A762-D53D7C2BFD82}.Release|x64.ActiveCfg = Release|Any CPU
		{6289B422-ED21-4FBA-A762-D53D7C2BFD82}.Release|x64.Build.0 = Release|Any CPU
		{6289B422-ED21-4FBA-A762-D53D7C2BFD82}.Release|x86.ActiveCfg = Release|Any CPU
		{6289B422-ED21-4FBA-A762-D53D7C2BFD82}.Release|x86.Build.0 = Release|Any CPU
	EndGlobalSection
	GlobalSection(SolutionProperties) = preSolution
		HideSolutionNode = FALSE
	EndGlobalSection
	GlobalSection(ExtensibilityGlobals) = postSolution
		SolutionGuid = {102A368B-B620-4E0E-A62E-520757EBE69C}
	EndGlobalSection
EndGlobal
